{
  "version": 4,
  "terraform_version": "1.7.0",
  "serial": 3,
  "lineage": "b228ce15-17a2-788a-d910-e602832868bc",
  "outputs": {
    "external_ip": {
      "value": "158.160.180.91",
      "type": "string"
    }
  },
  "resources": [
    {
      "mode": "managed",
      "type": "yandex_compute_instance",
      "name": "vm",
      "provider": "provider[\"registry.terraform.io/yandex-cloud/yandex\"]",
      "instances": [
        {
          "schema_version": 1,
          "attributes": {
            "allow_recreate": null,
            "allow_stopping_for_update": null,
            "boot_disk": [
              {
                "auto_delete": true,
                "device_name": "fv4evoi3a9d8ua949q6g",
                "disk_id": "fv4evoi3a9d8ua949q6g",
                "initialize_params": [
                  {
                    "block_size": 4096,
                    "description": "",
                    "image_id": "fd8vmcue7aajpmeo39kk",
                    "kms_key_id": "",
                    "name": "",
                    "size": 10,
                    "snapshot_id": "",
                    "type": "network-hdd"
                  }
                ],
                "mode": "READ_WRITE"
              }
            ],
            "created_at": "2025-03-17T19:04:31Z",
            "description": "",
            "filesystem": [],
            "folder_id": "b1gctg2bhvuagrakii2l",
            "fqdn": "fv44f07l1rs1to98bmd5.auto.internal",
            "gpu_cluster_id": "",
            "hardware_generation": [
              {
                "generation2_features": [],
                "legacy_features": [
                  {
                    "pci_topology": "PCI_TOPOLOGY_V1"
                  }
                ]
              }
            ],
            "hostname": "",
            "id": "fv44f07l1rs1to98bmd5",
            "labels": null,
            "local_disk": [],
            "maintenance_grace_period": "",
            "maintenance_policy": null,
            "metadata": {
              "docker-container-declaration": "spec:\n  containers:\n  - image: cr.yandex/yc/demo/coi:v1\n    securityContext:\n      privileged: false\n    stdin: false\n    tty: false\n",
              "user-data": "users:\n  - name: user\n    groups: sudo\n    sudo: ALL=(ALL) NOPASSWD:ALL\n    shell: /bin/bash\n    ssh_authorized_keys:\n      - \"ssh-rsa AAAAB3NzaC1yc2EAAAADAQABAAABgQCereJ4ZnvDSrCVwY+C6ZZoBxEKgiClct5e76a2DGI2ltjE0Pqd1wyvGSOmSpCQEraHnPn+CAvVSCUMFyK4+uPq571Gpfyyi39l07hLged+rWCuiaRSel5wYDuxsRNWzhkoOTs/NiIXHzJ+e9PURqp+eROja1CR/AQtSBEyeqUjB5wTgWYyFgyviEbMpmsS3Y7eP0zVrAT0IiTDcxbDDp09lKiUx3wju9cq/SoQ/RAlFH92bdZi+bi0G+0+jA9ZsXTw5igUBAkdw7yEOyjL4/jI/M3RoCcTikRCn35USVRdJv8X7GAL1rwNWj5zRvauDnKjlqK4ny+xnE0sABSP0TgMge3spDIHprabL0+aNeDeuKyhUquRcHoeIab4A0pDAdyZHFmQiJwoUWSXq10Ilm/jToCHNVV+xpAdmMz0niIYaSuD9PKvv4y+uOGDgQkCqyjlJq3wseR8hCidn3iDINR2Gf8vWXzm92syngOVdhi+6g8ZIG5PtkVXe0Dk5M4ZMmM= root@compute-vm-2-2-20-ssd-1741186332905\"\n"
            },
            "metadata_options": [
              {
                "aws_v1_http_endpoint": 1,
                "aws_v1_http_token": 2,
                "gce_http_endpoint": 1,
                "gce_http_token": 1
              }
            ],
            "name": "terraform1",
            "network_acceleration_type": "standard",
            "network_interface": [
              {
                "dns_record": [],
                "index": 0,
                "ip_address": "10.130.0.33",
                "ipv4": true,
                "ipv6": false,
                "ipv6_address": "",
                "ipv6_dns_record": [],
                "mac_address": "d0:0d:47:80:f5:0e",
                "nat": true,
                "nat_dns_record": [],
                "nat_ip_address": "158.160.180.91",
                "nat_ip_version": "IPV4",
                "security_group_ids": [],
                "subnet_id": "fl896vf7uql0nbq510ll"
              }
            ],
            "placement_policy": [
              {
                "host_affinity_rules": [],
                "placement_group_id": "",
                "placement_group_partition": 0
              }
            ],
            "platform_id": "standard-v3",
            "resources": [
              {
                "core_fraction": 100,
                "cores": 2,
                "gpus": 0,
                "memory": 2
              }
            ],
            "scheduling_policy": [
              {
                "preemptible": false
              }
            ],
            "secondary_disk": [],
            "service_account_id": "",
            "status": "running",
            "timeouts": null,
            "zone": "ru-central1-d"
          },
          "sensitive_attributes": [],
          "private": "eyJlMmJmYjczMC1lY2FhLTExZTYtOGY4OC0zNDM2M2JjN2M0YzAiOnsiY3JlYXRlIjozMDAwMDAwMDAwMDAsImRlbGV0ZSI6MzAwMDAwMDAwMDAwLCJ1cGRhdGUiOjMwMDAwMDAwMDAwMH0sInNjaGVtYV92ZXJzaW9uIjoiMSJ9"
        }
      ]
    }
  ],
  "check_results": null
}
